
Microsoft Visual Studio Solution File, Format Version 12.00
# Visual Studio Version 17
VisualStudioVersion = 17.11.35222.181
MinimumVisualStudioVersion = 10.0.40219.1
Project("{FAE04EC0-301F-11D3-BF4B-00C04F79EFBC}") = "Entities", "Entities\Entities.csproj", "{53B5B69B-7A2B-46C2-97BC-88C7C8F98D58}"
EndProject
Project("{FAE04EC0-301F-11D3-BF4B-00C04F79EFBC}") = "UseCases", "UseCases\UseCases.csproj", "{65A53844-1CF0-448F-B0C1-85197B012DDF}"
EndProject
Project("{FAE04EC0-301F-11D3-BF4B-00C04F79EFBC}") = "Infratructure", "Infratructure\Infratructure.csproj", "{F136BF63-8EBC-427A-A94B-98487DABAAA2}"
EndProject
Project("{FAE04EC0-301F-11D3-BF4B-00C04F79EFBC}") = "TodoList", "TodoList\TodoList.csproj", "{B531744E-5E1D-4CA5-8F46-CF4B2113BD08}"
EndProject
Project("{FAE04EC0-301F-11D3-BF4B-00C04F79EFBC}") = "TestProject", "TestProject\TestProject.csproj", "{F369D9A5-1378-46E9-AA25-440A12F2B37F}"
EndProject
Global
	GlobalSection(SolutionConfigurationPlatforms) = preSolution
		Debug|Any CPU = Debug|Any CPU
		Release|Any CPU = Release|Any CPU
	EndGlobalSection
	GlobalSection(ProjectConfigurationPlatforms) = postSolution
		{53B5B69B-7A2B-46C2-97BC-88C7C8F98D58}.Debug|Any CPU.ActiveCfg = Debug|Any CPU
		{53B5B69B-7A2B-46C2-97BC-88C7C8F98D58}.Debug|Any CPU.Build.0 = Debug|Any CPU
		{53B5B69B-7A2B-46C2-97BC-88C7C8F98D58}.Release|Any CPU.ActiveCfg = Release|Any CPU
		{53B5B69B-7A2B-46C2-97BC-88C7C8F98D58}.Release|Any CPU.Build.0 = Release|Any CPU
		{65A53844-1CF0-448F-B0C1-85197B012DDF}.Debug|Any CPU.ActiveCfg = Debug|Any CPU
		{65A53844-1CF0-448F-B0C1-85197B012DDF}.Debug|Any CPU.Build.0 = Debug|Any CPU
		{65A53844-1CF0-448F-B0C1-85197B012DDF}.Release|Any CPU.ActiveCfg = Release|Any CPU
		{65A53844-1CF0-448F-B0C1-85197B012DDF}.Release|Any CPU.Build.0 = Release|Any CPU
		{F136BF63-8EBC-427A-A94B-98487DABAAA2}.Debug|Any CPU.ActiveCfg = Debug|Any CPU
		{F136BF63-8EBC-427A-A94B-98487DABAAA2}.Debug|Any CPU.Build.0 = Debug|Any CPU
		{F136BF63-8EBC-427A-A94B-98487DABAAA2}.Release|Any CPU.ActiveCfg = Release|Any CPU
		{F136BF63-8EBC-427A-A94B-98487DABAAA2}.Release|Any CPU.Build.0 = Release|Any CPU
		{B531744E-5E1D-4CA5-8F46-CF4B2113BD08}.Debug|Any CPU.ActiveCfg = Debug|Any CPU
		{B531744E-5E1D-4CA5-8F46-CF4B2113BD08}.Debug|Any CPU.Build.0 = Debug|Any CPU
		{B531744E-5E1D-4CA5-8F46-CF4B2113BD08}.Release|Any CPU.ActiveCfg = Release|Any CPU
		{B531744E-5E1D-4CA5-8F46-CF4B2113BD08}.Release|Any CPU.Build.0 = Release|Any CPU
		{F369D9A5-1378-46E9-AA25-440A12F2B37F}.Debug|Any CPU.ActiveCfg = Debug|Any CPU
		{F369D9A5-1378-46E9-AA25-440A12F2B37F}.Debug|Any CPU.Build.0 = Debug|Any CPU
		{F369D9A5-1378-46E9-AA25-440A12F2B37F}.Release|Any CPU.ActiveCfg = Release|Any CPU
		{F369D9A5-1378-46E9-AA25-440A12F2B37F}.Release|Any CPU.Build.0 = Release|Any CPU
	EndGlobalSection
	GlobalSection(SolutionProperties) = preSolution
		HideSolutionNode = FALSE
	EndGlobalSection
	GlobalSection(ExtensibilityGlobals) = postSolution
		SolutionGuid = {C9CA404C-6BE3-4581-8712-D44AFC4CB99D}
	EndGlobalSection
EndGlobal
