
Microsoft Visual Studio Solution File, Format Version 12.00
# Visual Studio Version 17
VisualStudioVersion = 17.12.35527.113 d17.12
MinimumVisualStudioVersion = 10.0.40219.1
Project("{FAE04EC0-301F-11D3-BF4B-00C04F79EFBC}") = "OidcWebClient", "OidcWebClient\OidcWebClient.csproj", "{E8C9F986-FCA6-4D97-A8F2-590F4B6181B8}"
EndProject
Project("{FAE04EC0-301F-11D3-BF4B-00C04F79EFBC}") = "OidcServer", "OidcServer\OidcServer.csproj", "{20FEF335-800C-4D1F-A785-FDE43931986E}"
EndProject
Global
	GlobalSection(SolutionConfigurationPlatforms) = preSolution
		Debug|Any CPU = Debug|Any CPU
		Release|Any CPU = Release|Any CPU
	EndGlobalSection
	GlobalSection(ProjectConfigurationPlatforms) = postSolution
		{E8C9F986-FCA6-4D97-A8F2-590F4B6181B8}.Debug|Any CPU.ActiveCfg = Debug|Any CPU
		{E8C9F986-FCA6-4D97-A8F2-590F4B6181B8}.Debug|Any CPU.Build.0 = Debug|Any CPU
		{E8C9F986-FCA6-4D97-A8F2-590F4B6181B8}.Release|Any CPU.ActiveCfg = Release|Any CPU
		{E8C9F986-FCA6-4D97-A8F2-590F4B6181B8}.Release|Any CPU.Build.0 = Release|Any CPU
		{20FEF335-800C-4D1F-A785-FDE43931986E}.Debug|Any CPU.ActiveCfg = Debug|Any CPU
		{20FEF335-800C-4D1F-A785-FDE43931986E}.Debug|Any CPU.Build.0 = Debug|Any CPU
		{20FEF335-800C-4D1F-A785-FDE43931986E}.Release|Any CPU.ActiveCfg = Release|Any CPU
		{20FEF335-800C-4D1F-A785-FDE43931986E}.Release|Any CPU.Build.0 = Release|Any CPU
	EndGlobalSection
	GlobalSection(SolutionProperties) = preSolution
		HideSolutionNode = FALSE
	EndGlobalSection
EndGlobal
