
Microsoft Visual Studio Solution File, Format Version 12.00
# Visual Studio Version 17
VisualStudioVersion = 17.12.35506.116
MinimumVisualStudioVersion = 10.0.40219.1
Project("{FAE04EC0-301F-11D3-BF4B-00C04F79EFBC}") = "UserStorage", "UserStorage\UserStorage.csproj", "{4EE89526-D63B-4C6A-944A-BF119C045DDB}"
EndProject
Project("{FAE04EC0-301F-11D3-BF4B-00C04F79EFBC}") = "AccountDemo", "AccountDemo\AccountDemo.csproj", "{727734C2-A428-420C-ADE9-5BF3601A131F}"
EndProject
Global
	GlobalSection(SolutionConfigurationPlatforms) = preSolution
		Debug|Any CPU = Debug|Any CPU
		Release|Any CPU = Release|Any CPU
	EndGlobalSection
	GlobalSection(ProjectConfigurationPlatforms) = postSolution
		{4EE89526-D63B-4C6A-944A-BF119C045DDB}.Debug|Any CPU.ActiveCfg = Debug|Any CPU
		{4EE89526-D63B-4C6A-944A-BF119C045DDB}.Debug|Any CPU.Build.0 = Debug|Any CPU
		{4EE89526-D63B-4C6A-944A-BF119C045DDB}.Release|Any CPU.ActiveCfg = Release|Any CPU
		{4EE89526-D63B-4C6A-944A-BF119C045DDB}.Release|Any CPU.Build.0 = Release|Any CPU
		{727734C2-A428-420C-ADE9-5BF3601A131F}.Debug|Any CPU.ActiveCfg = Debug|Any CPU
		{727734C2-A428-420C-ADE9-5BF3601A131F}.Debug|Any CPU.Build.0 = Debug|Any CPU
		{727734C2-A428-420C-ADE9-5BF3601A131F}.Release|Any CPU.ActiveCfg = Release|Any CPU
		{727734C2-A428-420C-ADE9-5BF3601A131F}.Release|Any CPU.Build.0 = Release|Any CPU
	EndGlobalSection
	GlobalSection(SolutionProperties) = preSolution
		HideSolutionNode = FALSE
	EndGlobalSection
EndGlobal
